{
  "name": "cwmsjs-generator",
  "version": "2.3.2",
  "lockfileVersion": 3,
  "requires": true,
  "packages": {
    "": {
      "name": "cwmsjs-generator",
      "version": "2.3.2",
      "license": "MIT License",
      "dependencies": {
        "es6-promise": "^4.2.4"
      },
      "devDependencies": {
        "@openapitools/openapi-generator-cli": "^0.0.6",
        "typescript": "^4.9.5"
      }
    },
    "node_modules/@openapitools/openapi-generator-cli": {
      "version": "0.0.6",
      "resolved": "https://registry.npmjs.org/@openapitools/openapi-generator-cli/-/openapi-generator-cli-0.0.6.tgz",
      "integrity": "sha512-QFqRzJ0xdAm9mFucYvWiVGedz2JH9l4KauEB2FEmnjRALDnbxCGF8walfeolWfHXjixQUfY+7zsq5wCmqbU6UA==",
      "dev": true,
      "license": "Apache-2.0",
      "dependencies": {
        "compare-versions": "3.4.0"
      },
      "bin": {
        "openapi-generator": "bin/openapi-generator"
      }
    },
    "node_modules/compare-versions": {
      "version": "3.4.0",
      "resolved": "https://registry.npmjs.org/compare-versions/-/compare-versions-3.4.0.tgz",
      "integrity": "sha512-tK69D7oNXXqUW3ZNo/z7NXTEz22TCF0pTE+YF9cxvaAM9XnkLo1fV621xCLrRR6aevJlKxExkss0vWqUCUpqdg==",
      "dev": true,
      "license": "MIT"
    },
    "node_modules/es6-promise": {
      "version": "4.2.8",
      "resolved": "https://registry.npmjs.org/es6-promise/-/es6-promise-4.2.8.tgz",
      "integrity": "sha512-HJDGx5daxeIvxdBxvG2cb9g4tEvwIk3i8+nhX0yGrYmZUzbkdg8QbDevheDB8gd0//uPj4c1EQua8Q+MViT0/w==",
      "license": "MIT"
    },
    "node_modules/typescript": {
      "version": "4.9.5",
      "resolved": "https://registry.npmjs.org/typescript/-/typescript-4.9.5.tgz",
      "integrity": "sha512-1FXk9E2Hm+QzZQ7z+McJiHL4NW1F2EzMu9Nq9i3zAaGqibafqYwCVU6WyWAuyQRRzOlxou8xZSyXLEN8oKj24g==",
      "dev": true,
      "license": "Apache-2.0",
      "bin": {
        "tsc": "bin/tsc",
        "tsserver": "bin/tsserver"
      },
      "engines": {
        "node": ">=4.2.0"
      }
    }
  }
}
